
Microsoft Visual Studio Solution File, Format Version 12.00
# Visual Studio Version 17
VisualStudioVersion = 17.3.32929.385
MinimumVisualStudioVersion = 10.0.40219.1
Project("{2150E333-8FDC-42A3-9474-1A3956D46DE8}") = "Database", "Database", "{0BA2D2F1-ED8B-4E27-93C1-250E8C7A3B12}"
	ProjectSection(SolutionItems) = preProject
		Database\README.md = Database\README.md
	EndProjectSection
EndProject
Project("{9A19103F-16F7-4668-BE54-9A1E7A4F7556}") = "Database.SampleRepository", "Database\Database.SampleRepository\Database.SampleRepository.csproj", "{B2F7445D-46AE-4F88-8FF5-0C6D9FA34703}"
EndProject
Project("{9A19103F-16F7-4668-BE54-9A1E7A4F7556}") = "Database.Application", "Database\Database.Application\Database.Application.csproj", "{083B9585-1737-4660-8EC1-90E5B9627550}"
EndProject
Project("{9A19103F-16F7-4668-BE54-9A1E7A4F7556}") = "Database.SampleApp", "Database\Database.SampleApp\Database.SampleApp.csproj", "{6D0DCAAA-9A01-4DE3-AB7C-D45B4C690FA4}"
EndProject
Project("{2150E333-8FDC-42A3-9474-1A3956D46DE8}") = "Logging", "Logging", "{9A3ED62B-5A41-41F8-8CDE-8BCCDB7B5DA1}"
	ProjectSection(SolutionItems) = preProject
		Logging\README.md = Logging\README.md
	EndProjectSection
EndProject
Project("{9A19103F-16F7-4668-BE54-9A1E7A4F7556}") = "Logging.App", "Logging\Logging.App\Logging.App.csproj", "{1F1E9462-B777-41DB-BF67-A459BB731E89}"
EndProject
Project("{9A19103F-16F7-4668-BE54-9A1E7A4F7556}") = "CustomLogFile.App", "Logging\CustomLogFile.App\CustomLogFile.App.csproj", "{5772A9B9-51AC-4220-BA1A-A33D26792EDB}"
EndProject
Project("{9A19103F-16F7-4668-BE54-9A1E7A4F7556}") = "Logging.Worker", "Logging\Logging.Worker\Logging.Worker.csproj", "{BBD12803-32C7-4EB8-B0C7-A096FF9F15BD}"
EndProject
Project("{2150E333-8FDC-42A3-9474-1A3956D46DE8}") = "FactoryPattern", "FactoryPattern", "{A37732CB-13BB-48A1-9479-12FF46CDEAFE}"
EndProject
Project("{9A19103F-16F7-4668-BE54-9A1E7A4F7556}") = "FactoryPattern", "FactoryPattern\FactoryPattern\FactoryPattern.csproj", "{2C5D464D-1C85-46FB-B734-BCA888AF880B}"
EndProject
Project("{9A19103F-16F7-4668-BE54-9A1E7A4F7556}") = "DI.App", "DependencyInjection\DI.App\DI.App.csproj", "{3B0667CB-0A00-4C23-8582-E5B42452C2B3}"
EndProject
Project("{2150E333-8FDC-42A3-9474-1A3956D46DE8}") = "DI", "DI", "{35CC393B-EF3D-4B70-929A-7C7D96AE3C14}"
EndProject
Project("{9A19103F-16F7-4668-BE54-9A1E7A4F7556}") = "DI.Worker", "DependencyInjection\DI.Worker\DI.Worker.csproj", "{210C2002-8A02-4ADF-8B5F-72E4568B8FD3}"
EndProject
Project("{9A19103F-16F7-4668-BE54-9A1E7A4F7556}") = "SomeService", "DependencyInjection\SomeService\SomeService.csproj", "{0553CDDA-4FA0-4F56-9FAE-B6C8412C0851}"
EndProject
Project("{2150E333-8FDC-42A3-9474-1A3956D46DE8}") = "Mediatr", "Mediatr", "{E6B13072-9ED4-422C-9BE1-47EB5EE82FBF}"
EndProject
Project("{9A19103F-16F7-4668-BE54-9A1E7A4F7556}") = "Mediatr.Sample", "Mediatr\Mediatr.Sample.csproj", "{4EB0B504-FBDA-4259-96D4-92C3AD5CF14A}"
EndProject
Global
	GlobalSection(SolutionConfigurationPlatforms) = preSolution
		Debug|Any CPU = Debug|Any CPU
		Release|Any CPU = Release|Any CPU
	EndGlobalSection
	GlobalSection(ProjectConfigurationPlatforms) = postSolution
		{B2F7445D-46AE-4F88-8FF5-0C6D9FA34703}.Debug|Any CPU.ActiveCfg = Debug|Any CPU
		{B2F7445D-46AE-4F88-8FF5-0C6D9FA34703}.Debug|Any CPU.Build.0 = Debug|Any CPU
		{B2F7445D-46AE-4F88-8FF5-0C6D9FA34703}.Release|Any CPU.ActiveCfg = Release|Any CPU
		{B2F7445D-46AE-4F88-8FF5-0C6D9FA34703}.Release|Any CPU.Build.0 = Release|Any CPU
		{083B9585-1737-4660-8EC1-90E5B9627550}.Debug|Any CPU.ActiveCfg = Debug|Any CPU
		{083B9585-1737-4660-8EC1-90E5B9627550}.Debug|Any CPU.Build.0 = Debug|Any CPU
		{083B9585-1737-4660-8EC1-90E5B9627550}.Release|Any CPU.ActiveCfg = Release|Any CPU
		{083B9585-1737-4660-8EC1-90E5B9627550}.Release|Any CPU.Build.0 = Release|Any CPU
		{6D0DCAAA-9A01-4DE3-AB7C-D45B4C690FA4}.Debug|Any CPU.ActiveCfg = Debug|Any CPU
		{6D0DCAAA-9A01-4DE3-AB7C-D45B4C690FA4}.Debug|Any CPU.Build.0 = Debug|Any CPU
		{6D0DCAAA-9A01-4DE3-AB7C-D45B4C690FA4}.Release|Any CPU.ActiveCfg = Release|Any CPU
		{6D0DCAAA-9A01-4DE3-AB7C-D45B4C690FA4}.Release|Any CPU.Build.0 = Release|Any CPU
		{1F1E9462-B777-41DB-BF67-A459BB731E89}.Debug|Any CPU.ActiveCfg = Debug|Any CPU
		{1F1E9462-B777-41DB-BF67-A459BB731E89}.Debug|Any CPU.Build.0 = Debug|Any CPU
		{1F1E9462-B777-41DB-BF67-A459BB731E89}.Release|Any CPU.ActiveCfg = Release|Any CPU
		{1F1E9462-B777-41DB-BF67-A459BB731E89}.Release|Any CPU.Build.0 = Release|Any CPU
		{5772A9B9-51AC-4220-BA1A-A33D26792EDB}.Debug|Any CPU.ActiveCfg = Debug|Any CPU
		{5772A9B9-51AC-4220-BA1A-A33D26792EDB}.Debug|Any CPU.Build.0 = Debug|Any CPU
		{5772A9B9-51AC-4220-BA1A-A33D26792EDB}.Release|Any CPU.ActiveCfg = Release|Any CPU
		{5772A9B9-51AC-4220-BA1A-A33D26792EDB}.Release|Any CPU.Build.0 = Release|Any CPU
		{BBD12803-32C7-4EB8-B0C7-A096FF9F15BD}.Debug|Any CPU.ActiveCfg = Debug|Any CPU
		{BBD12803-32C7-4EB8-B0C7-A096FF9F15BD}.Debug|Any CPU.Build.0 = Debug|Any CPU
		{BBD12803-32C7-4EB8-B0C7-A096FF9F15BD}.Release|Any CPU.ActiveCfg = Release|Any CPU
		{BBD12803-32C7-4EB8-B0C7-A096FF9F15BD}.Release|Any CPU.Build.0 = Release|Any CPU
		{2C5D464D-1C85-46FB-B734-BCA888AF880B}.Debug|Any CPU.ActiveCfg = Debug|Any CPU
		{2C5D464D-1C85-46FB-B734-BCA888AF880B}.Debug|Any CPU.Build.0 = Debug|Any CPU
		{2C5D464D-1C85-46FB-B734-BCA888AF880B}.Release|Any CPU.ActiveCfg = Release|Any CPU
		{2C5D464D-1C85-46FB-B734-BCA888AF880B}.Release|Any CPU.Build.0 = Release|Any CPU
		{3B0667CB-0A00-4C23-8582-E5B42452C2B3}.Debug|Any CPU.ActiveCfg = Debug|Any CPU
		{3B0667CB-0A00-4C23-8582-E5B42452C2B3}.Debug|Any CPU.Build.0 = Debug|Any CPU
		{3B0667CB-0A00-4C23-8582-E5B42452C2B3}.Release|Any CPU.ActiveCfg = Release|Any CPU
		{3B0667CB-0A00-4C23-8582-E5B42452C2B3}.Release|Any CPU.Build.0 = Release|Any CPU
		{210C2002-8A02-4ADF-8B5F-72E4568B8FD3}.Debug|Any CPU.ActiveCfg = Debug|Any CPU
		{210C2002-8A02-4ADF-8B5F-72E4568B8FD3}.Debug|Any CPU.Build.0 = Debug|Any CPU
		{210C2002-8A02-4ADF-8B5F-72E4568B8FD3}.Release|Any CPU.ActiveCfg = Release|Any CPU
		{210C2002-8A02-4ADF-8B5F-72E4568B8FD3}.Release|Any CPU.Build.0 = Release|Any CPU
		{0553CDDA-4FA0-4F56-9FAE-B6C8412C0851}.Debug|Any CPU.ActiveCfg = Debug|Any CPU
		{0553CDDA-4FA0-4F56-9FAE-B6C8412C0851}.Debug|Any CPU.Build.0 = Debug|Any CPU
		{0553CDDA-4FA0-4F56-9FAE-B6C8412C0851}.Release|Any CPU.ActiveCfg = Release|Any CPU
		{0553CDDA-4FA0-4F56-9FAE-B6C8412C0851}.Release|Any CPU.Build.0 = Release|Any CPU
		{4EB0B504-FBDA-4259-96D4-92C3AD5CF14A}.Debug|Any CPU.ActiveCfg = Debug|Any CPU
		{4EB0B504-FBDA-4259-96D4-92C3AD5CF14A}.Debug|Any CPU.Build.0 = Debug|Any CPU
		{4EB0B504-FBDA-4259-96D4-92C3AD5CF14A}.Release|Any CPU.ActiveCfg = Release|Any CPU
		{4EB0B504-FBDA-4259-96D4-92C3AD5CF14A}.Release|Any CPU.Build.0 = Release|Any CPU
	EndGlobalSection
	GlobalSection(SolutionProperties) = preSolution
		HideSolutionNode = FALSE
	EndGlobalSection
	GlobalSection(NestedProjects) = preSolution
		{B2F7445D-46AE-4F88-8FF5-0C6D9FA34703} = {0BA2D2F1-ED8B-4E27-93C1-250E8C7A3B12}
		{083B9585-1737-4660-8EC1-90E5B9627550} = {0BA2D2F1-ED8B-4E27-93C1-250E8C7A3B12}
		{6D0DCAAA-9A01-4DE3-AB7C-D45B4C690FA4} = {0BA2D2F1-ED8B-4E27-93C1-250E8C7A3B12}
		{1F1E9462-B777-41DB-BF67-A459BB731E89} = {9A3ED62B-5A41-41F8-8CDE-8BCCDB7B5DA1}
		{5772A9B9-51AC-4220-BA1A-A33D26792EDB} = {9A3ED62B-5A41-41F8-8CDE-8BCCDB7B5DA1}
		{BBD12803-32C7-4EB8-B0C7-A096FF9F15BD} = {9A3ED62B-5A41-41F8-8CDE-8BCCDB7B5DA1}
		{2C5D464D-1C85-46FB-B734-BCA888AF880B} = {A37732CB-13BB-48A1-9479-12FF46CDEAFE}
		{3B0667CB-0A00-4C23-8582-E5B42452C2B3} = {35CC393B-EF3D-4B70-929A-7C7D96AE3C14}
		{210C2002-8A02-4ADF-8B5F-72E4568B8FD3} = {35CC393B-EF3D-4B70-929A-7C7D96AE3C14}
		{0553CDDA-4FA0-4F56-9FAE-B6C8412C0851} = {35CC393B-EF3D-4B70-929A-7C7D96AE3C14}
		{4EB0B504-FBDA-4259-96D4-92C3AD5CF14A} = {E6B13072-9ED4-422C-9BE1-47EB5EE82FBF}
	EndGlobalSection
	GlobalSection(ExtensibilityGlobals) = postSolution
		SolutionGuid = {2BEFF7B1-23C5-407D-B2BF-564C516BC795}
	EndGlobalSection
EndGlobal
